
Microsoft Visual Studio Solution File, Format Version 11.00
# Visual Studio 2010
Project("{FAE04EC0-301F-11D3-BF4B-00C04F79EFBC}") = "Mongo", "Mongo.csproj", "{23389383-6150-407F-97D7-30456C02BABE}"
EndProject
Project("{FAE04EC0-301F-11D3-BF4B-00C04F79EFBC}") = "Mongo.Tests", "Mongo.Tests\Mongo.Tests.csproj", "{78431EAB-62BC-4E2F-96CC-688888F80ED6}"
EndProject
Project("{FAE04EC0-301F-11D3-BF4B-00C04F79EFBC}") = "Mongo.Blog", "Mongo.Blog\Mongo.Blog.csproj", "{47E852AB-C86A-48D2-9412-5C2CB9EB55B9}"
EndProject
Global
	GlobalSection(SolutionConfigurationPlatforms) = preSolution
		Debug|Any CPU = Debug|Any CPU
		Release|Any CPU = Release|Any CPU
	EndGlobalSection
	GlobalSection(ProjectConfigurationPlatforms) = postSolution
		{23389383-6150-407F-97D7-30456C02BABE}.Debug|Any CPU.ActiveCfg = Debug|Any CPU
		{23389383-6150-407F-97D7-30456C02BABE}.Debug|Any CPU.Build.0 = Debug|Any CPU
		{23389383-6150-407F-97D7-30456C02BABE}.Release|Any CPU.ActiveCfg = Release|Any CPU
		{23389383-6150-407F-97D7-30456C02BABE}.Release|Any CPU.Build.0 = Release|Any CPU
		{78431EAB-62BC-4E2F-96CC-688888F80ED6}.Debug|Any CPU.ActiveCfg = Debug|Any CPU
		{78431EAB-62BC-4E2F-96CC-688888F80ED6}.Debug|Any CPU.Build.0 = Debug|Any CPU
		{78431EAB-62BC-4E2F-96CC-688888F80ED6}.Release|Any CPU.ActiveCfg = Release|Any CPU
		{78431EAB-62BC-4E2F-96CC-688888F80ED6}.Release|Any CPU.Build.0 = Release|Any CPU
		{47E852AB-C86A-48D2-9412-5C2CB9EB55B9}.Debug|Any CPU.ActiveCfg = Debug|Any CPU
		{47E852AB-C86A-48D2-9412-5C2CB9EB55B9}.Debug|Any CPU.Build.0 = Debug|Any CPU
		{47E852AB-C86A-48D2-9412-5C2CB9EB55B9}.Release|Any CPU.ActiveCfg = Release|Any CPU
		{47E852AB-C86A-48D2-9412-5C2CB9EB55B9}.Release|Any CPU.Build.0 = Release|Any CPU
	EndGlobalSection
	GlobalSection(SolutionProperties) = preSolution
		HideSolutionNode = FALSE
	EndGlobalSection
EndGlobal
